
Microsoft Visual Studio Solution File, Format Version 12.00
# Visual Studio 15
VisualStudioVersion = 15.0.27703.2042
MinimumVisualStudioVersion = 10.0.40219.1
Project("{9A19103F-16F7-4668-BE54-9A1E7A4F7556}") = "ZeroTask", "ZeroTask\ZeroTask.csproj", "{91A608E4-A08A-4D9F-AA1A-A654186F8AF9}"
EndProject
Project("{9A19103F-16F7-4668-BE54-9A1E7A4F7556}") = "Task1.1", "OneTask\Task1.1.csproj", "{C7935DA4-4F1C-43F9-B345-189C37EF6254}"
EndProject
Project("{2150E333-8FDC-42A3-9474-1A3956D46DE8}") = "Zero Task", "Zero Task", "{1ABB3998-4087-40BD-B252-D6EDDEC75416}"
EndProject
Project("{2150E333-8FDC-42A3-9474-1A3956D46DE8}") = "One Task", "One Task", "{8CB86151-A490-466B-9A04-8F85A267BEEB}"
EndProject
Project("{9A19103F-16F7-4668-BE54-9A1E7A4F7556}") = "Task1.2", "Task1.2\Task1.2.csproj", "{6FEE0468-A149-440B-9045-F70243954EE2}"
EndProject
Project("{9A19103F-16F7-4668-BE54-9A1E7A4F7556}") = "Task1.3", "Task1.3\Task1.3.csproj", "{DC702D18-5488-4F46-AC11-C098F651CCD4}"
EndProject
Project("{9A19103F-16F7-4668-BE54-9A1E7A4F7556}") = "Task1.4", "Task1.4\Task1.4.csproj", "{C3847777-EBE1-4372-81EE-35CE87F58421}"
EndProject
Project("{9A19103F-16F7-4668-BE54-9A1E7A4F7556}") = "Task1.5", "Task1.5\Task1.5.csproj", "{E33A5CCC-195B-4F5A-86FA-241A6BA66625}"
EndProject
Project("{9A19103F-16F7-4668-BE54-9A1E7A4F7556}") = "Task1.6", "Task1.6\Task1.6.csproj", "{EAD6FC4D-F101-425C-91AD-594B9D8B6FC5}"
EndProject
Project("{9A19103F-16F7-4668-BE54-9A1E7A4F7556}") = "Task1.7", "Task1.7\Task1.7.csproj", "{471BB731-5D15-46B7-951E-F447D4D10A16}"
EndProject
Project("{9A19103F-16F7-4668-BE54-9A1E7A4F7556}") = "Task1.8", "Task1.8\Task1.8.csproj", "{00D55B26-C2E7-4D1F-B837-B9AC08766279}"
EndProject
Project("{9A19103F-16F7-4668-BE54-9A1E7A4F7556}") = "Task1.9", "Task1.9\Task1.9.csproj", "{A577F214-DED9-4E43-B5CE-6DAAA88A558C}"
EndProject
Project("{9A19103F-16F7-4668-BE54-9A1E7A4F7556}") = "Task1.10", "Task1.10\Task1.10.csproj", "{BB40FFE4-D8DE-40C7-B425-0885993FE09C}"
EndProject
Project("{9A19103F-16F7-4668-BE54-9A1E7A4F7556}") = "Task1.11", "Task1.11\Task1.11.csproj", "{1D21FC75-E89F-4AD3-AB87-9D184F75201F}"
EndProject
Project("{9A19103F-16F7-4668-BE54-9A1E7A4F7556}") = "Task1.12", "Task1.12\Task1.12.csproj", "{A5AF939B-5722-45BE-AFDE-3D7B63531637}"
EndProject
Project("{2150E333-8FDC-42A3-9474-1A3956D46DE8}") = "Two Task", "Two Task", "{EBCD5CF8-3587-41DF-98A2-7362A9358BF6}"
EndProject
Project("{FAE04EC0-301F-11D3-BF4B-00C04F79EFBC}") = "Task2.1", "Task2.1\Task2.1.csproj", "{5E623590-C369-44C4-8C8D-2E5D96061545}"
EndProject
Project("{FAE04EC0-301F-11D3-BF4B-00C04F79EFBC}") = "Task2.2", "Task2.2\Task2.2.csproj", "{AB26F17A-ECCF-4521-B4FF-2B680E8ACF31}"
EndProject
Global
	GlobalSection(SolutionConfigurationPlatforms) = preSolution
		Debug|Any CPU = Debug|Any CPU
		Release|Any CPU = Release|Any CPU
	EndGlobalSection
	GlobalSection(ProjectConfigurationPlatforms) = postSolution
		{91A608E4-A08A-4D9F-AA1A-A654186F8AF9}.Debug|Any CPU.ActiveCfg = Debug|Any CPU
		{91A608E4-A08A-4D9F-AA1A-A654186F8AF9}.Debug|Any CPU.Build.0 = Debug|Any CPU
		{91A608E4-A08A-4D9F-AA1A-A654186F8AF9}.Release|Any CPU.ActiveCfg = Release|Any CPU
		{91A608E4-A08A-4D9F-AA1A-A654186F8AF9}.Release|Any CPU.Build.0 = Release|Any CPU
		{C7935DA4-4F1C-43F9-B345-189C37EF6254}.Debug|Any CPU.ActiveCfg = Debug|Any CPU
		{C7935DA4-4F1C-43F9-B345-189C37EF6254}.Debug|Any CPU.Build.0 = Debug|Any CPU
		{C7935DA4-4F1C-43F9-B345-189C37EF6254}.Release|Any CPU.ActiveCfg = Release|Any CPU
		{C7935DA4-4F1C-43F9-B345-189C37EF6254}.Release|Any CPU.Build.0 = Release|Any CPU
		{6FEE0468-A149-440B-9045-F70243954EE2}.Debug|Any CPU.ActiveCfg = Debug|Any CPU
		{6FEE0468-A149-440B-9045-F70243954EE2}.Debug|Any CPU.Build.0 = Debug|Any CPU
		{6FEE0468-A149-440B-9045-F70243954EE2}.Release|Any CPU.ActiveCfg = Release|Any CPU
		{6FEE0468-A149-440B-9045-F70243954EE2}.Release|Any CPU.Build.0 = Release|Any CPU
		{DC702D18-5488-4F46-AC11-C098F651CCD4}.Debug|Any CPU.ActiveCfg = Debug|Any CPU
		{DC702D18-5488-4F46-AC11-C098F651CCD4}.Debug|Any CPU.Build.0 = Debug|Any CPU
		{DC702D18-5488-4F46-AC11-C098F651CCD4}.Release|Any CPU.ActiveCfg = Release|Any CPU
		{DC702D18-5488-4F46-AC11-C098F651CCD4}.Release|Any CPU.Build.0 = Release|Any CPU
		{C3847777-EBE1-4372-81EE-35CE87F58421}.Debug|Any CPU.ActiveCfg = Debug|Any CPU
		{C3847777-EBE1-4372-81EE-35CE87F58421}.Debug|Any CPU.Build.0 = Debug|Any CPU
		{C3847777-EBE1-4372-81EE-35CE87F58421}.Release|Any CPU.ActiveCfg = Release|Any CPU
		{C3847777-EBE1-4372-81EE-35CE87F58421}.Release|Any CPU.Build.0 = Release|Any CPU
		{E33A5CCC-195B-4F5A-86FA-241A6BA66625}.Debug|Any CPU.ActiveCfg = Debug|Any CPU
		{E33A5CCC-195B-4F5A-86FA-241A6BA66625}.Debug|Any CPU.Build.0 = Debug|Any CPU
		{E33A5CCC-195B-4F5A-86FA-241A6BA66625}.Release|Any CPU.ActiveCfg = Release|Any CPU
		{E33A5CCC-195B-4F5A-86FA-241A6BA66625}.Release|Any CPU.Build.0 = Release|Any CPU
		{EAD6FC4D-F101-425C-91AD-594B9D8B6FC5}.Debug|Any CPU.ActiveCfg = Debug|Any CPU
		{EAD6FC4D-F101-425C-91AD-594B9D8B6FC5}.Debug|Any CPU.Build.0 = Debug|Any CPU
		{EAD6FC4D-F101-425C-91AD-594B9D8B6FC5}.Release|Any CPU.ActiveCfg = Release|Any CPU
		{EAD6FC4D-F101-425C-91AD-594B9D8B6FC5}.Release|Any CPU.Build.0 = Release|Any CPU
		{471BB731-5D15-46B7-951E-F447D4D10A16}.Debug|Any CPU.ActiveCfg = Debug|Any CPU
		{471BB731-5D15-46B7-951E-F447D4D10A16}.Debug|Any CPU.Build.0 = Debug|Any CPU
		{471BB731-5D15-46B7-951E-F447D4D10A16}.Release|Any CPU.ActiveCfg = Release|Any CPU
		{471BB731-5D15-46B7-951E-F447D4D10A16}.Release|Any CPU.Build.0 = Release|Any CPU
		{00D55B26-C2E7-4D1F-B837-B9AC08766279}.Debug|Any CPU.ActiveCfg = Debug|Any CPU
		{00D55B26-C2E7-4D1F-B837-B9AC08766279}.Debug|Any CPU.Build.0 = Debug|Any CPU
		{00D55B26-C2E7-4D1F-B837-B9AC08766279}.Release|Any CPU.ActiveCfg = Release|Any CPU
		{00D55B26-C2E7-4D1F-B837-B9AC08766279}.Release|Any CPU.Build.0 = Release|Any CPU
		{A577F214-DED9-4E43-B5CE-6DAAA88A558C}.Debug|Any CPU.ActiveCfg = Debug|Any CPU
		{A577F214-DED9-4E43-B5CE-6DAAA88A558C}.Debug|Any CPU.Build.0 = Debug|Any CPU
		{A577F214-DED9-4E43-B5CE-6DAAA88A558C}.Release|Any CPU.ActiveCfg = Release|Any CPU
		{A577F214-DED9-4E43-B5CE-6DAAA88A558C}.Release|Any CPU.Build.0 = Release|Any CPU
		{BB40FFE4-D8DE-40C7-B425-0885993FE09C}.Debug|Any CPU.ActiveCfg = Debug|Any CPU
		{BB40FFE4-D8DE-40C7-B425-0885993FE09C}.Debug|Any CPU.Build.0 = Debug|Any CPU
		{BB40FFE4-D8DE-40C7-B425-0885993FE09C}.Release|Any CPU.ActiveCfg = Release|Any CPU
		{BB40FFE4-D8DE-40C7-B425-0885993FE09C}.Release|Any CPU.Build.0 = Release|Any CPU
		{1D21FC75-E89F-4AD3-AB87-9D184F75201F}.Debug|Any CPU.ActiveCfg = Debug|Any CPU
		{1D21FC75-E89F-4AD3-AB87-9D184F75201F}.Debug|Any CPU.Build.0 = Debug|Any CPU
		{1D21FC75-E89F-4AD3-AB87-9D184F75201F}.Release|Any CPU.ActiveCfg = Release|Any CPU
		{1D21FC75-E89F-4AD3-AB87-9D184F75201F}.Release|Any CPU.Build.0 = Release|Any CPU
		{A5AF939B-5722-45BE-AFDE-3D7B63531637}.Debug|Any CPU.ActiveCfg = Debug|Any CPU
		{A5AF939B-5722-45BE-AFDE-3D7B63531637}.Debug|Any CPU.Build.0 = Debug|Any CPU
		{A5AF939B-5722-45BE-AFDE-3D7B63531637}.Release|Any CPU.ActiveCfg = Release|Any CPU
		{A5AF939B-5722-45BE-AFDE-3D7B63531637}.Release|Any CPU.Build.0 = Release|Any CPU
		{5E623590-C369-44C4-8C8D-2E5D96061545}.Debug|Any CPU.ActiveCfg = Debug|Any CPU
		{5E623590-C369-44C4-8C8D-2E5D96061545}.Debug|Any CPU.Build.0 = Debug|Any CPU
		{5E623590-C369-44C4-8C8D-2E5D96061545}.Release|Any CPU.ActiveCfg = Release|Any CPU
		{5E623590-C369-44C4-8C8D-2E5D96061545}.Release|Any CPU.Build.0 = Release|Any CPU
		{AB26F17A-ECCF-4521-B4FF-2B680E8ACF31}.Debug|Any CPU.ActiveCfg = Debug|Any CPU
		{AB26F17A-ECCF-4521-B4FF-2B680E8ACF31}.Debug|Any CPU.Build.0 = Debug|Any CPU
		{AB26F17A-ECCF-4521-B4FF-2B680E8ACF31}.Release|Any CPU.ActiveCfg = Release|Any CPU
		{AB26F17A-ECCF-4521-B4FF-2B680E8ACF31}.Release|Any CPU.Build.0 = Release|Any CPU
	EndGlobalSection
	GlobalSection(SolutionProperties) = preSolution
		HideSolutionNode = FALSE
	EndGlobalSection
	GlobalSection(NestedProjects) = preSolution
		{91A608E4-A08A-4D9F-AA1A-A654186F8AF9} = {1ABB3998-4087-40BD-B252-D6EDDEC75416}
		{C7935DA4-4F1C-43F9-B345-189C37EF6254} = {8CB86151-A490-466B-9A04-8F85A267BEEB}
		{6FEE0468-A149-440B-9045-F70243954EE2} = {8CB86151-A490-466B-9A04-8F85A267BEEB}
		{DC702D18-5488-4F46-AC11-C098F651CCD4} = {8CB86151-A490-466B-9A04-8F85A267BEEB}
		{C3847777-EBE1-4372-81EE-35CE87F58421} = {8CB86151-A490-466B-9A04-8F85A267BEEB}
		{E33A5CCC-195B-4F5A-86FA-241A6BA66625} = {8CB86151-A490-466B-9A04-8F85A267BEEB}
		{EAD6FC4D-F101-425C-91AD-594B9D8B6FC5} = {8CB86151-A490-466B-9A04-8F85A267BEEB}
		{471BB731-5D15-46B7-951E-F447D4D10A16} = {8CB86151-A490-466B-9A04-8F85A267BEEB}
		{00D55B26-C2E7-4D1F-B837-B9AC08766279} = {8CB86151-A490-466B-9A04-8F85A267BEEB}
		{A577F214-DED9-4E43-B5CE-6DAAA88A558C} = {8CB86151-A490-466B-9A04-8F85A267BEEB}
		{BB40FFE4-D8DE-40C7-B425-0885993FE09C} = {8CB86151-A490-466B-9A04-8F85A267BEEB}
		{1D21FC75-E89F-4AD3-AB87-9D184F75201F} = {8CB86151-A490-466B-9A04-8F85A267BEEB}
		{A5AF939B-5722-45BE-AFDE-3D7B63531637} = {8CB86151-A490-466B-9A04-8F85A267BEEB}
		{5E623590-C369-44C4-8C8D-2E5D96061545} = {EBCD5CF8-3587-41DF-98A2-7362A9358BF6}
		{AB26F17A-ECCF-4521-B4FF-2B680E8ACF31} = {EBCD5CF8-3587-41DF-98A2-7362A9358BF6}
	EndGlobalSection
	GlobalSection(ExtensibilityGlobals) = postSolution
		SolutionGuid = {B62482D4-BFA3-44B6-BFA0-8349930BCA3E}
	EndGlobalSection
EndGlobal
