
Microsoft Visual Studio Solution File, Format Version 12.00
# Visual Studio Version 16
VisualStudioVersion = 16.0.29230.47
MinimumVisualStudioVersion = 10.0.40219.1
Project("{9A19103F-16F7-4668-BE54-9A1E7A4F7556}") = "Task0", "Task0\Task0.csproj", "{499C65CE-7DCF-45C9-BC33-63F0EA1DB361}"
EndProject
Project("{2150E333-8FDC-42A3-9474-1A3956D46DE8}") = "Task 0", "Task 0", "{B6BEEA17-9BFA-4C97-B482-C3FE8706C2A9}"
EndProject
Project("{2150E333-8FDC-42A3-9474-1A3956D46DE8}") = "Task 1", "Task 1", "{EF9DA1F9-6EC3-4671-8302-A03E868A1949}"
EndProject
Project("{2150E333-8FDC-42A3-9474-1A3956D46DE8}") = "Task 2", "Task 2", "{05B72171-7940-4003-92F6-AE49E0F33BF0}"
EndProject
Project("{2150E333-8FDC-42A3-9474-1A3956D46DE8}") = "Task 3", "Task 3", "{ACFC04F1-73D7-4166-84EE-B4BDF3445441}"
EndProject
Project("{2150E333-8FDC-42A3-9474-1A3956D46DE8}") = "Task 4", "Task 4", "{CBAA7A18-61AB-4954-8EAC-586431F61A79}"
EndProject
Project("{2150E333-8FDC-42A3-9474-1A3956D46DE8}") = "Task 5", "Task 5", "{26D9AC75-DB5E-4B67-9787-D7531F252D1D}"
EndProject
Project("{2150E333-8FDC-42A3-9474-1A3956D46DE8}") = "Task 6", "Task 6", "{53F39F2E-5BB6-4D28-AFC3-A935CC36B48A}"
EndProject
Project("{2150E333-8FDC-42A3-9474-1A3956D46DE8}") = "Task 7", "Task 7", "{CA9034C3-3120-496C-B987-22A202BF5016}"
EndProject
Project("{2150E333-8FDC-42A3-9474-1A3956D46DE8}") = "Task 8", "Task 8", "{18F245F2-73D3-4E1B-B85C-592B47C6ECDC}"
EndProject
Project("{2150E333-8FDC-42A3-9474-1A3956D46DE8}") = "Task 9", "Task 9", "{64070565-CF38-4AD4-AEE8-FE7DF54BC7A2}"
	ProjectSection(SolutionItems) = preProject
		..\..\..\..\Download\EPAM-WEB\Task 9\task\page.html = ..\..\..\..\Download\EPAM-WEB\Task 9\task\page.html
		..\..\..\..\Download\EPAM-WEB\Task 9\task\page1.html = ..\..\..\..\Download\EPAM-WEB\Task 9\task\page1.html
		..\..\..\..\Download\EPAM-WEB\Task 9\task\page2.html = ..\..\..\..\Download\EPAM-WEB\Task 9\task\page2.html
		..\..\..\..\Download\EPAM-WEB\Task 9\task\page3.html = ..\..\..\..\Download\EPAM-WEB\Task 9\task\page3.html
		..\..\..\..\Download\EPAM-WEB\Task 9\task\style.css = ..\..\..\..\Download\EPAM-WEB\Task 9\task\style.css
	EndProjectSection
EndProject
Project("{9A19103F-16F7-4668-BE54-9A1E7A4F7556}") = "Task1", "Task1\Task1.csproj", "{D5029F66-293F-4EDA-AD2F-91AFB1EF58FF}"
EndProject
Project("{9A19103F-16F7-4668-BE54-9A1E7A4F7556}") = "Task2", "Task2\Task2.csproj", "{367A9108-5D0F-4BDC-9722-06F7665CE991}"
EndProject
Project("{9A19103F-16F7-4668-BE54-9A1E7A4F7556}") = "Task3", "Task3\Task3.csproj", "{310F4ECC-AD0D-42EE-9317-54692F145F20}"
EndProject
Project("{9A19103F-16F7-4668-BE54-9A1E7A4F7556}") = "Task4", "Task4\Task4.csproj", "{D46E20C7-EE24-4CE5-80DE-278E265DFB5B}"
EndProject
Project("{9A19103F-16F7-4668-BE54-9A1E7A4F7556}") = "BackupSystem", "BackupSystem\BackupSystem.csproj", "{D36028F8-118E-4035-A693-65DAA854A1B6}"
EndProject
Project("{9A19103F-16F7-4668-BE54-9A1E7A4F7556}") = "Task7", "Task7\Task7.csproj", "{AAE56557-8FFF-4942-BBB2-5CADB7BFF64D}"
EndProject
Project("{2150E333-8FDC-42A3-9474-1A3956D46DE8}") = "Task1", "Task1", "{D8B03539-1619-4A35-9C4A-5B83DA5D8227}"
	ProjectSection(SolutionItems) = preProject
		..\..\..\..\Download\EPAM-WEB\Task 8\Task 1\style\reset.css = ..\..\..\..\Download\EPAM-WEB\Task 8\Task 1\style\reset.css
		..\..\..\..\Download\EPAM-WEB\Task 8\Task 1\style\style.css = ..\..\..\..\Download\EPAM-WEB\Task 8\Task 1\style\style.css
		..\..\..\..\Download\EPAM-WEB\Task 8\Task 1\page\task.html = ..\..\..\..\Download\EPAM-WEB\Task 8\Task 1\page\task.html
	EndProjectSection
EndProject
Project("{2150E333-8FDC-42A3-9474-1A3956D46DE8}") = "Task2", "Task2", "{051F3ECA-2D1F-402D-B1D1-9D0EFC19E27C}"
	ProjectSection(SolutionItems) = preProject
		..\..\..\..\Download\EPAM-WEB\Task 8\Task 2\style\reset.css = ..\..\..\..\Download\EPAM-WEB\Task 8\Task 2\style\reset.css
		..\..\..\..\Download\EPAM-WEB\Task 8\Task 2\style\style.css = ..\..\..\..\Download\EPAM-WEB\Task 8\Task 2\style\style.css
		..\..\..\..\Download\EPAM-WEB\Task 8\Task 2\page\task 2.html = ..\..\..\..\Download\EPAM-WEB\Task 8\Task 2\page\task 2.html
	EndProjectSection
EndProject
Project("{2150E333-8FDC-42A3-9474-1A3956D46DE8}") = "Task3", "Task3", "{5C331196-B0EA-4082-9E1C-E6C9DA4D6F25}"
	ProjectSection(SolutionItems) = preProject
		..\..\..\..\Download\EPAM-WEB\Task 8\Task 3\style\reset.css = ..\..\..\..\Download\EPAM-WEB\Task 8\Task 3\style\reset.css
		..\..\..\..\Download\EPAM-WEB\Task 8\Task 3\style\style.css = ..\..\..\..\Download\EPAM-WEB\Task 8\Task 3\style\style.css
		..\..\..\..\Download\EPAM-WEB\Task 8\Task 3\page\task3.html = ..\..\..\..\Download\EPAM-WEB\Task 8\Task 3\page\task3.html
	EndProjectSection
EndProject
Project("{2150E333-8FDC-42A3-9474-1A3956D46DE8}") = "Task4", "Task4", "{EB161F3D-5F33-4180-8EC4-D37DECE7608D}"
	ProjectSection(SolutionItems) = preProject
		..\..\..\..\Download\EPAM-WEB\Task 8\Task 4\style\style.css = ..\..\..\..\Download\EPAM-WEB\Task 8\Task 4\style\style.css
		..\..\..\..\Download\EPAM-WEB\Task 8\Task 4\page\task4.html = ..\..\..\..\Download\EPAM-WEB\Task 8\Task 4\page\task4.html
	EndProjectSection
EndProject
Project("{2150E333-8FDC-42A3-9474-1A3956D46DE8}") = "Task5", "Task5", "{063FF8CF-D604-48D2-9B9B-47F77C9F60F0}"
	ProjectSection(SolutionItems) = preProject
		..\..\..\..\Download\EPAM-WEB\Task 8\Task 5\image\CloudHosting.png = ..\..\..\..\Download\EPAM-WEB\Task 8\Task 5\image\CloudHosting.png
		..\..\..\..\Download\EPAM-WEB\Task 8\Task 5\image\DatabaseHosting.jpg = ..\..\..\..\Download\EPAM-WEB\Task 8\Task 5\image\DatabaseHosting.jpg
		..\..\..\..\Download\EPAM-WEB\Task 8\Task 5\style\style.css = ..\..\..\..\Download\EPAM-WEB\Task 8\Task 5\style\style.css
		..\..\..\..\Download\EPAM-WEB\Task 8\Task 5\page\task5.html = ..\..\..\..\Download\EPAM-WEB\Task 8\Task 5\page\task5.html
		..\..\..\..\Download\EPAM-WEB\Task 8\Task 5\image\virtualHosting.jpeg = ..\..\..\..\Download\EPAM-WEB\Task 8\Task 5\image\virtualHosting.jpeg
	EndProjectSection
EndProject
Project("{2150E333-8FDC-42A3-9474-1A3956D46DE8}") = "Task6", "Task6", "{57E05B8F-8857-4D50-859D-76934266DA41}"
	ProjectSection(SolutionItems) = preProject
		..\..\..\..\Download\EPAM-WEB\Task 8\Task 6\style\reset.css = ..\..\..\..\Download\EPAM-WEB\Task 8\Task 6\style\reset.css
		..\..\..\..\Download\EPAM-WEB\Task 8\Task 6\style\style.css = ..\..\..\..\Download\EPAM-WEB\Task 8\Task 6\style\style.css
		..\..\..\..\Download\EPAM-WEB\Task 8\Task 6\page\task6.html = ..\..\..\..\Download\EPAM-WEB\Task 8\Task 6\page\task6.html
	EndProjectSection
EndProject
Project("{2150E333-8FDC-42A3-9474-1A3956D46DE8}") = "Task7", "Task7", "{CE32B709-E669-458A-AC93-3ECD563F7B06}"
	ProjectSection(SolutionItems) = preProject
		..\..\..\..\Download\EPAM-WEB\Task 8\Task 7\style\style.css = ..\..\..\..\Download\EPAM-WEB\Task 8\Task 7\style\style.css
		..\..\..\..\Download\EPAM-WEB\Task 8\Task 7\page\task7.html = ..\..\..\..\Download\EPAM-WEB\Task 8\Task 7\page\task7.html
	EndProjectSection
EndProject
Project("{2150E333-8FDC-42A3-9474-1A3956D46DE8}") = "Task8", "Task8", "{96A4C01D-FD4E-4EAF-9FB1-155A52D9E449}"
	ProjectSection(SolutionItems) = preProject
		..\..\..\..\Download\EPAM-WEB\Task 8\Task 8\style\style.css = ..\..\..\..\Download\EPAM-WEB\Task 8\Task 8\style\style.css
		..\..\..\..\Download\EPAM-WEB\Task 8\Task 8\page\task8.html = ..\..\..\..\Download\EPAM-WEB\Task 8\Task 8\page\task8.html
	EndProjectSection
EndProject
Project("{2150E333-8FDC-42A3-9474-1A3956D46DE8}") = "Task9", "Task9", "{D5DEE1AF-9505-4913-AB04-E71ADE6717C8}"
	ProjectSection(SolutionItems) = preProject
		..\..\..\..\Download\EPAM-WEB\Task 8\Task 9\style\style.css = ..\..\..\..\Download\EPAM-WEB\Task 8\Task 9\style\style.css
		..\..\..\..\Download\EPAM-WEB\Task 8\Task 9\page\task9.html = ..\..\..\..\Download\EPAM-WEB\Task 8\Task 9\page\task9.html
	EndProjectSection
EndProject
Project("{2150E333-8FDC-42A3-9474-1A3956D46DE8}") = "Task10", "Task10", "{D8653D5A-AD26-47D3-A702-23C0C5CFE43A}"
	ProjectSection(SolutionItems) = preProject
		..\..\..\..\Download\EPAM-WEB\Task 8\Task 10\style\style.css = ..\..\..\..\Download\EPAM-WEB\Task 8\Task 10\style\style.css
		..\..\..\..\Download\EPAM-WEB\Task 8\Task 10\page\task10.html = ..\..\..\..\Download\EPAM-WEB\Task 8\Task 10\page\task10.html
	EndProjectSection
EndProject
Project("{2150E333-8FDC-42A3-9474-1A3956D46DE8}") = "Task1", "Task1", "{188ED385-52E2-4ABA-BE10-82E7FE7F5442}"
	ProjectSection(SolutionItems) = preProject
		..\..\..\..\Download\EPAM-WEB\Task 9\task\javascripts\task9_1.js = ..\..\..\..\Download\EPAM-WEB\Task 9\task\javascripts\task9_1.js
	EndProjectSection
EndProject
Project("{2150E333-8FDC-42A3-9474-1A3956D46DE8}") = "Task2", "Task2", "{08340C97-9A98-4156-9F28-0FD068904336}"
	ProjectSection(SolutionItems) = preProject
		..\..\..\..\Download\EPAM-WEB\Task 9\task\javascripts\task9_2.js = ..\..\..\..\Download\EPAM-WEB\Task 9\task\javascripts\task9_2.js
	EndProjectSection
EndProject
Project("{2150E333-8FDC-42A3-9474-1A3956D46DE8}") = "Task3", "Task3", "{B45D9E98-3CFF-48A1-BCAD-0E3BA43E8F67}"
	ProjectSection(SolutionItems) = preProject
		..\..\..\..\Download\EPAM-WEB\Task 9\task\javascripts\task9-3.js = ..\..\..\..\Download\EPAM-WEB\Task 9\task\javascripts\task9-3.js
	EndProjectSection
EndProject
Project("{2150E333-8FDC-42A3-9474-1A3956D46DE8}") = "Task4", "Task4", "{B609F4A8-677F-400A-A3C4-663E63A23CF7}"
	ProjectSection(SolutionItems) = preProject
		..\..\..\..\Download\EPAM-WEB\Task 9\task\javascripts\task9-4.js = ..\..\..\..\Download\EPAM-WEB\Task 9\task\javascripts\task9-4.js
	EndProjectSection
EndProject
Project("{2150E333-8FDC-42A3-9474-1A3956D46DE8}") = "PL_Console", "PL_Console", "{7AC26436-76BB-45DE-9C45-1CAA2CF2AA26}"
EndProject
Project("{2150E333-8FDC-42A3-9474-1A3956D46DE8}") = "BLL", "BLL", "{98DADAB1-BAD8-4EEB-8158-04F7699982A3}"
EndProject
Project("{2150E333-8FDC-42A3-9474-1A3956D46DE8}") = "Common", "Common", "{88D2D2A6-C799-4294-91B9-8CC8FFCE288A}"
EndProject
Project("{2150E333-8FDC-42A3-9474-1A3956D46DE8}") = "DAL_Database", "DAL_Database", "{554519D4-F8F9-42BF-8631-DCA8F6BCA517}"
EndProject
Project("{2150E333-8FDC-42A3-9474-1A3956D46DE8}") = "DAL_File", "DAL_File", "{DEC2A6F3-CCAF-474F-BD60-BC97FBC8E228}"
EndProject
Project("{2150E333-8FDC-42A3-9474-1A3956D46DE8}") = "DAL_Memory", "DAL_Memory", "{90DFE397-14CE-49C0-B235-0556F91346D6}"
EndProject
Project("{2150E333-8FDC-42A3-9474-1A3956D46DE8}") = "DAL_Interface", "DAL_Interface", "{9930FEAD-2957-46D4-8160-82BF776A320C}"
EndProject
Project("{FAE04EC0-301F-11D3-BF4B-00C04F79EFBC}") = "UserAward", "UserAward\UserAward.csproj", "{66609D7F-8FDB-4F55-B6DC-EE4338B67D19}"
EndProject
Project("{FAE04EC0-301F-11D3-BF4B-00C04F79EFBC}") = "UserAward.BLL.Interface", "UserAward.BLL.Interface\UserAward.BLL.Interface.csproj", "{842F0E59-2230-46EB-BCF7-A8DC73E6515A}"
EndProject
Project("{FAE04EC0-301F-11D3-BF4B-00C04F79EFBC}") = "UserAward.BLL.Logic", "UserAward.BLL.Logic\UserAward.BLL.Logic.csproj", "{B23C6B61-A169-43B2-9261-E130B96DEE50}"
EndProject
Project("{FAE04EC0-301F-11D3-BF4B-00C04F79EFBC}") = "Entity", "Entity\Entity.csproj", "{0381FD17-9CDC-44D3-BAA9-AD09420D86CA}"
EndProject
Project("{FAE04EC0-301F-11D3-BF4B-00C04F79EFBC}") = "UserAward.Container", "UserAward.Container\UserAward.Container.csproj", "{9E1D1392-7315-4717-82E6-D0BF454A0075}"
EndProject
Project("{FAE04EC0-301F-11D3-BF4B-00C04F79EFBC}") = "UserAward.DAL.Interface", "UserAward.DAL.Interface\UserAward.DAL.Interface.csproj", "{945A73B6-8F83-4A2F-8CAA-F05E1D125457}"
EndProject
Project("{FAE04EC0-301F-11D3-BF4B-00C04F79EFBC}") = "UserAward.DAL_Database.DAO", "UserAward.DAL_Database.DAO\UserAward.DAL_Database.DAO.csproj", "{F1BEFA9C-A335-42B7-92F5-491AA6B0C8E9}"
EndProject
Project("{FAE04EC0-301F-11D3-BF4B-00C04F79EFBC}") = "UserAward.DAL_File.DAO", "UserAward.DAL_File.DAO\UserAward.DAL_File.DAO.csproj", "{844218E5-95FD-402B-A260-F86AE158CE8E}"
EndProject
Project("{FAE04EC0-301F-11D3-BF4B-00C04F79EFBC}") = "UserAward.DAL_Memory.DAO", "UserAward.DAL_Memory.DAO\UserAward.DAL_Memory.DAO.csproj", "{F38780E2-D575-46E8-9B82-A73AC01AEDDE}"
EndProject
Project("{2150E333-8FDC-42A3-9474-1A3956D46DE8}") = "PL_Web", "PL_Web", "{53790609-A9F5-4B23-AE0F-9309472ECE07}"
EndProject
Project("{FAE04EC0-301F-11D3-BF4B-00C04F79EFBC}") = "UserAwardWeb", "UserAwardWeb\UserAwardWeb.csproj", "{1AEAABB2-4EDF-4BEE-9491-CA8D1B9A28FA}"
EndProject
Global
	GlobalSection(SolutionConfigurationPlatforms) = preSolution
		Debug|Any CPU = Debug|Any CPU
		Release|Any CPU = Release|Any CPU
	EndGlobalSection
	GlobalSection(ProjectConfigurationPlatforms) = postSolution
		{499C65CE-7DCF-45C9-BC33-63F0EA1DB361}.Debug|Any CPU.ActiveCfg = Debug|Any CPU
		{499C65CE-7DCF-45C9-BC33-63F0EA1DB361}.Debug|Any CPU.Build.0 = Debug|Any CPU
		{499C65CE-7DCF-45C9-BC33-63F0EA1DB361}.Release|Any CPU.ActiveCfg = Release|Any CPU
		{499C65CE-7DCF-45C9-BC33-63F0EA1DB361}.Release|Any CPU.Build.0 = Release|Any CPU
		{D5029F66-293F-4EDA-AD2F-91AFB1EF58FF}.Debug|Any CPU.ActiveCfg = Debug|Any CPU
		{D5029F66-293F-4EDA-AD2F-91AFB1EF58FF}.Debug|Any CPU.Build.0 = Debug|Any CPU
		{D5029F66-293F-4EDA-AD2F-91AFB1EF58FF}.Release|Any CPU.ActiveCfg = Release|Any CPU
		{D5029F66-293F-4EDA-AD2F-91AFB1EF58FF}.Release|Any CPU.Build.0 = Release|Any CPU
		{367A9108-5D0F-4BDC-9722-06F7665CE991}.Debug|Any CPU.ActiveCfg = Debug|Any CPU
		{367A9108-5D0F-4BDC-9722-06F7665CE991}.Debug|Any CPU.Build.0 = Debug|Any CPU
		{367A9108-5D0F-4BDC-9722-06F7665CE991}.Release|Any CPU.ActiveCfg = Release|Any CPU
		{367A9108-5D0F-4BDC-9722-06F7665CE991}.Release|Any CPU.Build.0 = Release|Any CPU
		{310F4ECC-AD0D-42EE-9317-54692F145F20}.Debug|Any CPU.ActiveCfg = Debug|Any CPU
		{310F4ECC-AD0D-42EE-9317-54692F145F20}.Debug|Any CPU.Build.0 = Debug|Any CPU
		{310F4ECC-AD0D-42EE-9317-54692F145F20}.Release|Any CPU.ActiveCfg = Release|Any CPU
		{310F4ECC-AD0D-42EE-9317-54692F145F20}.Release|Any CPU.Build.0 = Release|Any CPU
		{D46E20C7-EE24-4CE5-80DE-278E265DFB5B}.Debug|Any CPU.ActiveCfg = Debug|Any CPU
		{D46E20C7-EE24-4CE5-80DE-278E265DFB5B}.Debug|Any CPU.Build.0 = Debug|Any CPU
		{D46E20C7-EE24-4CE5-80DE-278E265DFB5B}.Release|Any CPU.ActiveCfg = Release|Any CPU
		{D46E20C7-EE24-4CE5-80DE-278E265DFB5B}.Release|Any CPU.Build.0 = Release|Any CPU
		{D36028F8-118E-4035-A693-65DAA854A1B6}.Debug|Any CPU.ActiveCfg = Debug|Any CPU
		{D36028F8-118E-4035-A693-65DAA854A1B6}.Debug|Any CPU.Build.0 = Debug|Any CPU
		{D36028F8-118E-4035-A693-65DAA854A1B6}.Release|Any CPU.ActiveCfg = Release|Any CPU
		{D36028F8-118E-4035-A693-65DAA854A1B6}.Release|Any CPU.Build.0 = Release|Any CPU
		{AAE56557-8FFF-4942-BBB2-5CADB7BFF64D}.Debug|Any CPU.ActiveCfg = Debug|Any CPU
		{AAE56557-8FFF-4942-BBB2-5CADB7BFF64D}.Debug|Any CPU.Build.0 = Debug|Any CPU
		{AAE56557-8FFF-4942-BBB2-5CADB7BFF64D}.Release|Any CPU.ActiveCfg = Release|Any CPU
		{AAE56557-8FFF-4942-BBB2-5CADB7BFF64D}.Release|Any CPU.Build.0 = Release|Any CPU
		{66609D7F-8FDB-4F55-B6DC-EE4338B67D19}.Debug|Any CPU.ActiveCfg = Debug|Any CPU
		{66609D7F-8FDB-4F55-B6DC-EE4338B67D19}.Debug|Any CPU.Build.0 = Debug|Any CPU
		{66609D7F-8FDB-4F55-B6DC-EE4338B67D19}.Release|Any CPU.ActiveCfg = Release|Any CPU
		{66609D7F-8FDB-4F55-B6DC-EE4338B67D19}.Release|Any CPU.Build.0 = Release|Any CPU
		{842F0E59-2230-46EB-BCF7-A8DC73E6515A}.Debug|Any CPU.ActiveCfg = Debug|Any CPU
		{842F0E59-2230-46EB-BCF7-A8DC73E6515A}.Debug|Any CPU.Build.0 = Debug|Any CPU
		{842F0E59-2230-46EB-BCF7-A8DC73E6515A}.Release|Any CPU.ActiveCfg = Release|Any CPU
		{842F0E59-2230-46EB-BCF7-A8DC73E6515A}.Release|Any CPU.Build.0 = Release|Any CPU
		{B23C6B61-A169-43B2-9261-E130B96DEE50}.Debug|Any CPU.ActiveCfg = Debug|Any CPU
		{B23C6B61-A169-43B2-9261-E130B96DEE50}.Debug|Any CPU.Build.0 = Debug|Any CPU
		{B23C6B61-A169-43B2-9261-E130B96DEE50}.Release|Any CPU.ActiveCfg = Release|Any CPU
		{B23C6B61-A169-43B2-9261-E130B96DEE50}.Release|Any CPU.Build.0 = Release|Any CPU
		{0381FD17-9CDC-44D3-BAA9-AD09420D86CA}.Debug|Any CPU.ActiveCfg = Debug|Any CPU
		{0381FD17-9CDC-44D3-BAA9-AD09420D86CA}.Debug|Any CPU.Build.0 = Debug|Any CPU
		{0381FD17-9CDC-44D3-BAA9-AD09420D86CA}.Release|Any CPU.ActiveCfg = Release|Any CPU
		{0381FD17-9CDC-44D3-BAA9-AD09420D86CA}.Release|Any CPU.Build.0 = Release|Any CPU
		{9E1D1392-7315-4717-82E6-D0BF454A0075}.Debug|Any CPU.ActiveCfg = Debug|Any CPU
		{9E1D1392-7315-4717-82E6-D0BF454A0075}.Debug|Any CPU.Build.0 = Debug|Any CPU
		{9E1D1392-7315-4717-82E6-D0BF454A0075}.Release|Any CPU.ActiveCfg = Release|Any CPU
		{9E1D1392-7315-4717-82E6-D0BF454A0075}.Release|Any CPU.Build.0 = Release|Any CPU
		{945A73B6-8F83-4A2F-8CAA-F05E1D125457}.Debug|Any CPU.ActiveCfg = Debug|Any CPU
		{945A73B6-8F83-4A2F-8CAA-F05E1D125457}.Debug|Any CPU.Build.0 = Debug|Any CPU
		{945A73B6-8F83-4A2F-8CAA-F05E1D125457}.Release|Any CPU.ActiveCfg = Release|Any CPU
		{945A73B6-8F83-4A2F-8CAA-F05E1D125457}.Release|Any CPU.Build.0 = Release|Any CPU
		{F1BEFA9C-A335-42B7-92F5-491AA6B0C8E9}.Debug|Any CPU.ActiveCfg = Debug|Any CPU
		{F1BEFA9C-A335-42B7-92F5-491AA6B0C8E9}.Debug|Any CPU.Build.0 = Debug|Any CPU
		{F1BEFA9C-A335-42B7-92F5-491AA6B0C8E9}.Release|Any CPU.ActiveCfg = Release|Any CPU
		{F1BEFA9C-A335-42B7-92F5-491AA6B0C8E9}.Release|Any CPU.Build.0 = Release|Any CPU
		{844218E5-95FD-402B-A260-F86AE158CE8E}.Debug|Any CPU.ActiveCfg = Debug|Any CPU
		{844218E5-95FD-402B-A260-F86AE158CE8E}.Debug|Any CPU.Build.0 = Debug|Any CPU
		{844218E5-95FD-402B-A260-F86AE158CE8E}.Release|Any CPU.ActiveCfg = Release|Any CPU
		{844218E5-95FD-402B-A260-F86AE158CE8E}.Release|Any CPU.Build.0 = Release|Any CPU
		{F38780E2-D575-46E8-9B82-A73AC01AEDDE}.Debug|Any CPU.ActiveCfg = Debug|Any CPU
		{F38780E2-D575-46E8-9B82-A73AC01AEDDE}.Debug|Any CPU.Build.0 = Debug|Any CPU
		{F38780E2-D575-46E8-9B82-A73AC01AEDDE}.Release|Any CPU.ActiveCfg = Release|Any CPU
		{F38780E2-D575-46E8-9B82-A73AC01AEDDE}.Release|Any CPU.Build.0 = Release|Any CPU
		{1AEAABB2-4EDF-4BEE-9491-CA8D1B9A28FA}.Debug|Any CPU.ActiveCfg = Debug|Any CPU
		{1AEAABB2-4EDF-4BEE-9491-CA8D1B9A28FA}.Debug|Any CPU.Build.0 = Debug|Any CPU
		{1AEAABB2-4EDF-4BEE-9491-CA8D1B9A28FA}.Release|Any CPU.ActiveCfg = Release|Any CPU
		{1AEAABB2-4EDF-4BEE-9491-CA8D1B9A28FA}.Release|Any CPU.Build.0 = Release|Any CPU
	EndGlobalSection
	GlobalSection(SolutionProperties) = preSolution
		HideSolutionNode = FALSE
	EndGlobalSection
	GlobalSection(NestedProjects) = preSolution
		{499C65CE-7DCF-45C9-BC33-63F0EA1DB361} = {B6BEEA17-9BFA-4C97-B482-C3FE8706C2A9}
		{D5029F66-293F-4EDA-AD2F-91AFB1EF58FF} = {EF9DA1F9-6EC3-4671-8302-A03E868A1949}
		{367A9108-5D0F-4BDC-9722-06F7665CE991} = {05B72171-7940-4003-92F6-AE49E0F33BF0}
		{310F4ECC-AD0D-42EE-9317-54692F145F20} = {ACFC04F1-73D7-4166-84EE-B4BDF3445441}
		{D46E20C7-EE24-4CE5-80DE-278E265DFB5B} = {CBAA7A18-61AB-4954-8EAC-586431F61A79}
		{D36028F8-118E-4035-A693-65DAA854A1B6} = {26D9AC75-DB5E-4B67-9787-D7531F252D1D}
		{AAE56557-8FFF-4942-BBB2-5CADB7BFF64D} = {CA9034C3-3120-496C-B987-22A202BF5016}
		{D8B03539-1619-4A35-9C4A-5B83DA5D8227} = {18F245F2-73D3-4E1B-B85C-592B47C6ECDC}
		{051F3ECA-2D1F-402D-B1D1-9D0EFC19E27C} = {18F245F2-73D3-4E1B-B85C-592B47C6ECDC}
		{5C331196-B0EA-4082-9E1C-E6C9DA4D6F25} = {18F245F2-73D3-4E1B-B85C-592B47C6ECDC}
		{EB161F3D-5F33-4180-8EC4-D37DECE7608D} = {18F245F2-73D3-4E1B-B85C-592B47C6ECDC}
		{063FF8CF-D604-48D2-9B9B-47F77C9F60F0} = {18F245F2-73D3-4E1B-B85C-592B47C6ECDC}
		{57E05B8F-8857-4D50-859D-76934266DA41} = {18F245F2-73D3-4E1B-B85C-592B47C6ECDC}
		{CE32B709-E669-458A-AC93-3ECD563F7B06} = {18F245F2-73D3-4E1B-B85C-592B47C6ECDC}
		{96A4C01D-FD4E-4EAF-9FB1-155A52D9E449} = {18F245F2-73D3-4E1B-B85C-592B47C6ECDC}
		{D5DEE1AF-9505-4913-AB04-E71ADE6717C8} = {18F245F2-73D3-4E1B-B85C-592B47C6ECDC}
		{D8653D5A-AD26-47D3-A702-23C0C5CFE43A} = {18F245F2-73D3-4E1B-B85C-592B47C6ECDC}
		{188ED385-52E2-4ABA-BE10-82E7FE7F5442} = {64070565-CF38-4AD4-AEE8-FE7DF54BC7A2}
		{08340C97-9A98-4156-9F28-0FD068904336} = {64070565-CF38-4AD4-AEE8-FE7DF54BC7A2}
		{B45D9E98-3CFF-48A1-BCAD-0E3BA43E8F67} = {64070565-CF38-4AD4-AEE8-FE7DF54BC7A2}
		{B609F4A8-677F-400A-A3C4-663E63A23CF7} = {64070565-CF38-4AD4-AEE8-FE7DF54BC7A2}
		{7AC26436-76BB-45DE-9C45-1CAA2CF2AA26} = {53F39F2E-5BB6-4D28-AFC3-A935CC36B48A}
		{98DADAB1-BAD8-4EEB-8158-04F7699982A3} = {53F39F2E-5BB6-4D28-AFC3-A935CC36B48A}
		{88D2D2A6-C799-4294-91B9-8CC8FFCE288A} = {53F39F2E-5BB6-4D28-AFC3-A935CC36B48A}
		{554519D4-F8F9-42BF-8631-DCA8F6BCA517} = {53F39F2E-5BB6-4D28-AFC3-A935CC36B48A}
		{DEC2A6F3-CCAF-474F-BD60-BC97FBC8E228} = {53F39F2E-5BB6-4D28-AFC3-A935CC36B48A}
		{90DFE397-14CE-49C0-B235-0556F91346D6} = {53F39F2E-5BB6-4D28-AFC3-A935CC36B48A}
		{9930FEAD-2957-46D4-8160-82BF776A320C} = {53F39F2E-5BB6-4D28-AFC3-A935CC36B48A}
		{66609D7F-8FDB-4F55-B6DC-EE4338B67D19} = {7AC26436-76BB-45DE-9C45-1CAA2CF2AA26}
		{842F0E59-2230-46EB-BCF7-A8DC73E6515A} = {98DADAB1-BAD8-4EEB-8158-04F7699982A3}
		{B23C6B61-A169-43B2-9261-E130B96DEE50} = {98DADAB1-BAD8-4EEB-8158-04F7699982A3}
		{0381FD17-9CDC-44D3-BAA9-AD09420D86CA} = {88D2D2A6-C799-4294-91B9-8CC8FFCE288A}
		{9E1D1392-7315-4717-82E6-D0BF454A0075} = {88D2D2A6-C799-4294-91B9-8CC8FFCE288A}
		{945A73B6-8F83-4A2F-8CAA-F05E1D125457} = {9930FEAD-2957-46D4-8160-82BF776A320C}
		{F1BEFA9C-A335-42B7-92F5-491AA6B0C8E9} = {554519D4-F8F9-42BF-8631-DCA8F6BCA517}
		{844218E5-95FD-402B-A260-F86AE158CE8E} = {DEC2A6F3-CCAF-474F-BD60-BC97FBC8E228}
		{F38780E2-D575-46E8-9B82-A73AC01AEDDE} = {90DFE397-14CE-49C0-B235-0556F91346D6}
		{53790609-A9F5-4B23-AE0F-9309472ECE07} = {53F39F2E-5BB6-4D28-AFC3-A935CC36B48A}
		{1AEAABB2-4EDF-4BEE-9491-CA8D1B9A28FA} = {53790609-A9F5-4B23-AE0F-9309472ECE07}
	EndGlobalSection
	GlobalSection(ExtensibilityGlobals) = postSolution
		SolutionGuid = {42F947B7-58E6-4594-9D37-66C3D5FE740A}
	EndGlobalSection
EndGlobal
